
Microsoft Visual Studio Solution File, Format Version 12.00
# Visual Studio 15
VisualStudioVersion = 15.0.28010.2036
MinimumVisualStudioVersion = 10.0.40219.1
Project("{FAE04EC0-301F-11D3-BF4B-00C04F79EFBC}") = "04_animal", "04_animal\04_animal.csproj", "{11C36D91-73AB-4D33-A6F2-82EA68AE1DBE}"
EndProject
Global
	GlobalSection(SolutionConfigurationPlatforms) = preSolution
		Debug|Any CPU = Debug|Any CPU
		Release|Any CPU = Release|Any CPU
	EndGlobalSection
	GlobalSection(ProjectConfigurationPlatforms) = postSolution
		{11C36D91-73AB-4D33-A6F2-82EA68AE1DBE}.Debug|Any CPU.ActiveCfg = Debug|Any CPU
		{11C36D91-73AB-4D33-A6F2-82EA68AE1DBE}.Debug|Any CPU.Build.0 = Debug|Any CPU
		{11C36D91-73AB-4D33-A6F2-82EA68AE1DBE}.Release|Any CPU.ActiveCfg = Release|Any CPU
		{11C36D91-73AB-4D33-A6F2-82EA68AE1DBE}.Release|Any CPU.Build.0 = Release|Any CPU
	EndGlobalSection
	GlobalSection(SolutionProperties) = preSolution
		HideSolutionNode = FALSE
	EndGlobalSection
	GlobalSection(ExtensibilityGlobals) = postSolution
		SolutionGuid = {3100F995-15D3-4656-9701-2A44E75776C9}
	EndGlobalSection
EndGlobal
